
Microsoft Visual Studio Solution File, Format Version 12.00
# Visual Studio Version 17
VisualStudioVersion = 17.6.33717.318
MinimumVisualStudioVersion = 10.0.40219.1
Project("{9A19103F-16F7-4668-BE54-9A1E7A4F7556}") = "DataType", "DataType\DataType.csproj", "{FBE7303A-5156-4EA8-8591-3BE8180648D4}"
EndProject
Project("{FAE04EC0-301F-11D3-BF4B-00C04F79EFBC}") = "HelloWorld", "HelloWorld\HelloWorld.csproj", "{114BFDF4-812A-4CF5-BC51-B41F103A05FB}"
EndProject
Project("{FAE04EC0-301F-11D3-BF4B-00C04F79EFBC}") = "SimpleArithmetic", "SimpleArithmetic\SimpleArithmetic.csproj", "{634EEDB4-552B-4DD4-B457-A2547319A41D}"
EndProject
Project("{FAE04EC0-301F-11D3-BF4B-00C04F79EFBC}") = "EvenOdd", "EvenOdd\EvenOdd.csproj", "{74CCB237-6906-4BEE-B694-990E6EA6BF3D}"
EndProject
Project("{9A19103F-16F7-4668-BE54-9A1E7A4F7556}") = "MethodPractice", "MethodPractice\MethodPractice.csproj", "{7E0F7E0E-37C1-46CA-BDD8-983087AC6457}"
EndProject
Project("{FAE04EC0-301F-11D3-BF4B-00C04F79EFBC}") = "CountryListComboBox", "CountryListComboBox\CountryListComboBox.csproj", "{82D50093-30A4-4C70-86D0-71C52E0C453A}"
EndProject
Project("{FAE04EC0-301F-11D3-BF4B-00C04F79EFBC}") = "ListBoxExample", "ListBoxExample\ListBoxExample.csproj", "{CD7C96FA-3BAE-40C2-AA8B-D62C93708ED7}"
EndProject
Project("{9A19103F-16F7-4668-BE54-9A1E7A4F7556}") = "ListExample", "ListExample\ListExample.csproj", "{7CE497A7-EDBB-48A6-B916-2691B0E891C0}"
EndProject
Project("{9A19103F-16F7-4668-BE54-9A1E7A4F7556}") = "HashSetExample", "HashSetExample\HashSetExample.csproj", "{017ED07B-12BF-4060-88FE-8B291D164C35}"
EndProject
Project("{9A19103F-16F7-4668-BE54-9A1E7A4F7556}") = "DictionaryExample", "DictionaryExample\DictionaryExample.csproj", "{4A1CD071-587D-4A66-8960-214E10F1F015}"
EndProject
Project("{FAE04EC0-301F-11D3-BF4B-00C04F79EFBC}") = "UserDefinedTypeExample", "UserDefinedTypeExample\UserDefinedTypeExample.csproj", "{38AF9EB8-BC31-4827-8AF9-6B9788BC8A81}"
EndProject
Project("{FAE04EC0-301F-11D3-BF4B-00C04F79EFBC}") = "UserDefinedTypeExample2", "UserDefinedTypeExample2\UserDefinedTypeExample2.csproj", "{BF34C36F-70DE-4A0E-B9D4-E828E1F2B120}"
EndProject
Project("{9A19103F-16F7-4668-BE54-9A1E7A4F7556}") = "ValueTypeAndReferenceTypeExample", "ValueTypeAndReferenceTypeExample\ValueTypeAndReferenceTypeExample.csproj", "{53A857FC-0E12-44B4-A503-69E65CD624DD}"
EndProject
Project("{9A19103F-16F7-4668-BE54-9A1E7A4F7556}") = "ValueTypeAndReferenceTypeExample2", "ValueTypeAndReferenceTypeExample2\ValueTypeAndReferenceTypeExample2.csproj", "{493EF8C7-B539-4B79-B377-B2EF49F4F61F}"
EndProject
Project("{9A19103F-16F7-4668-BE54-9A1E7A4F7556}") = "ReferenceOfPrimitiveTypeExample", "ReferenceOfPrimitiveTypeExample\ReferenceOfPrimitiveTypeExample.csproj", "{C037E673-44CB-41B8-AFF8-26209C75C61D}"
EndProject
Project("{FAE04EC0-301F-11D3-BF4B-00C04F79EFBC}") = "OOP_Person_Example", "OOP_Person_Example\OOP_Person_Example.csproj", "{EA73B0E5-F15B-4F66-812A-20C1AC68FCCF}"
EndProject
Project("{FAE04EC0-301F-11D3-BF4B-00C04F79EFBC}") = "OOP_Bank_Account_Example", "OOP_Bank_Account_Example\OOP_Bank_Account_Example.csproj", "{E241233C-BFC2-4654-ADA4-59FB0BC26BB5}"
EndProject
Project("{FAE04EC0-301F-11D3-BF4B-00C04F79EFBC}") = "SimpleCalculator", "SimpleCalculator\SimpleCalculator.csproj", "{0D024701-B3C9-48E8-A4D7-DB98269D9D80}"
EndProject
Project("{9A19103F-16F7-4668-BE54-9A1E7A4F7556}") = "Circle", "Circle\Circle.csproj", "{7C060108-33BB-44D0-B42C-60C7C2F039B0}"
EndProject
Project("{FAE04EC0-301F-11D3-BF4B-00C04F79EFBC}") = "SalaryCalculator", "SalaryCalculator\SalaryCalculator.csproj", "{425857CE-56CF-4F98-8C7C-E44C0776DD62}"
EndProject
Project("{FAE04EC0-301F-11D3-BF4B-00C04F79EFBC}") = "Result", "Result\Result.csproj", "{B7BEB2F7-12B2-4A5F-8CC3-313E5B3AF391}"
EndProject
Project("{FAE04EC0-301F-11D3-BF4B-00C04F79EFBC}") = "Weather", "Weather\Weather.csproj", "{15575C09-9CF3-48D9-93C4-389394CCF7D4}"
EndProject
Project("{9A19103F-16F7-4668-BE54-9A1E7A4F7556}") = "Overloading_Method_Constructor", "Overloading_Method_Constructor\Overloading_Method_Constructor.csproj", "{EC822180-9425-4245-BB79-7AE3B6F792C5}"
EndProject
Project("{FAE04EC0-301F-11D3-BF4B-00C04F79EFBC}") = "ListOfObject", "ListOfObject\ListOfObject.csproj", "{316DC30D-DE03-47ED-BFDB-DB0FFD1EA62D}"
EndProject
Project("{FAE04EC0-301F-11D3-BF4B-00C04F79EFBC}") = "ClubMemberInformation", "ClubMemberInformation\ClubMemberInformation.csproj", "{61C3F4CC-3B78-446E-93AF-E71F5721041A}"
EndProject
Project("{9A19103F-16F7-4668-BE54-9A1E7A4F7556}") = "Static_Class_Method", "Static_Class_Method\Static_Class_Method.csproj", "{F105FEA1-2200-41FE-88CD-3211FE8D1A9D}"
EndProject
Project("{FAE04EC0-301F-11D3-BF4B-00C04F79EFBC}") = "Association_Relationship_One_To_One", "Association_Relationship_One_To_One\Association_Relationship_One_To_One.csproj", "{9ED21404-94D5-47CE-9EA1-CA33655B81B5}"
EndProject
Project("{FAE04EC0-301F-11D3-BF4B-00C04F79EFBC}") = "Association_Relationship_One_To_One_Example2", "Association_Relationship_One_To_One_Example2\Association_Relationship_One_To_One_Example2.csproj", "{299E67D4-38E9-4C81-9531-268D59D9E273}"
EndProject
Project("{FAE04EC0-301F-11D3-BF4B-00C04F79EFBC}") = "Association_Relationship_One_to_Many", "Association_Relationship_One_to_Many\Association_Relationship_One_to_Many.csproj", "{ABBE98E1-332D-4EF9-877A-312C43FEFF73}"
EndProject
Project("{FAE04EC0-301F-11D3-BF4B-00C04F79EFBC}") = "Association_Relationship_One_to_Many_Example2", "Association_Relationship_One_to_Many_Example2\Association_Relationship_One_to_Many_Example2.csproj", "{A723D35B-DEBE-418A-8B6A-B31F80E51A05}"
EndProject
Project("{FAE04EC0-301F-11D3-BF4B-00C04F79EFBC}") = "Association_Relationship_Many_To_Many", "Association_Relationship_Many_To_Many\Association_Relationship_Many_To_Many.csproj", "{325B359C-F832-45C0-91FE-33CC8CD52F8F}"
EndProject
Global
	GlobalSection(SolutionConfigurationPlatforms) = preSolution
		Debug|Any CPU = Debug|Any CPU
		Release|Any CPU = Release|Any CPU
	EndGlobalSection
	GlobalSection(ProjectConfigurationPlatforms) = postSolution
		{FBE7303A-5156-4EA8-8591-3BE8180648D4}.Debug|Any CPU.ActiveCfg = Debug|Any CPU
		{FBE7303A-5156-4EA8-8591-3BE8180648D4}.Debug|Any CPU.Build.0 = Debug|Any CPU
		{FBE7303A-5156-4EA8-8591-3BE8180648D4}.Release|Any CPU.ActiveCfg = Release|Any CPU
		{FBE7303A-5156-4EA8-8591-3BE8180648D4}.Release|Any CPU.Build.0 = Release|Any CPU
		{114BFDF4-812A-4CF5-BC51-B41F103A05FB}.Debug|Any CPU.ActiveCfg = Debug|Any CPU
		{114BFDF4-812A-4CF5-BC51-B41F103A05FB}.Debug|Any CPU.Build.0 = Debug|Any CPU
		{114BFDF4-812A-4CF5-BC51-B41F103A05FB}.Release|Any CPU.ActiveCfg = Release|Any CPU
		{114BFDF4-812A-4CF5-BC51-B41F103A05FB}.Release|Any CPU.Build.0 = Release|Any CPU
		{634EEDB4-552B-4DD4-B457-A2547319A41D}.Debug|Any CPU.ActiveCfg = Debug|Any CPU
		{634EEDB4-552B-4DD4-B457-A2547319A41D}.Debug|Any CPU.Build.0 = Debug|Any CPU
		{634EEDB4-552B-4DD4-B457-A2547319A41D}.Release|Any CPU.ActiveCfg = Release|Any CPU
		{634EEDB4-552B-4DD4-B457-A2547319A41D}.Release|Any CPU.Build.0 = Release|Any CPU
		{74CCB237-6906-4BEE-B694-990E6EA6BF3D}.Debug|Any CPU.ActiveCfg = Debug|Any CPU
		{74CCB237-6906-4BEE-B694-990E6EA6BF3D}.Debug|Any CPU.Build.0 = Debug|Any CPU
		{74CCB237-6906-4BEE-B694-990E6EA6BF3D}.Release|Any CPU.ActiveCfg = Release|Any CPU
		{74CCB237-6906-4BEE-B694-990E6EA6BF3D}.Release|Any CPU.Build.0 = Release|Any CPU
		{7E0F7E0E-37C1-46CA-BDD8-983087AC6457}.Debug|Any CPU.ActiveCfg = Debug|Any CPU
		{7E0F7E0E-37C1-46CA-BDD8-983087AC6457}.Debug|Any CPU.Build.0 = Debug|Any CPU
		{7E0F7E0E-37C1-46CA-BDD8-983087AC6457}.Release|Any CPU.ActiveCfg = Release|Any CPU
		{7E0F7E0E-37C1-46CA-BDD8-983087AC6457}.Release|Any CPU.Build.0 = Release|Any CPU
		{82D50093-30A4-4C70-86D0-71C52E0C453A}.Debug|Any CPU.ActiveCfg = Debug|Any CPU
		{82D50093-30A4-4C70-86D0-71C52E0C453A}.Debug|Any CPU.Build.0 = Debug|Any CPU
		{82D50093-30A4-4C70-86D0-71C52E0C453A}.Release|Any CPU.ActiveCfg = Release|Any CPU
		{82D50093-30A4-4C70-86D0-71C52E0C453A}.Release|Any CPU.Build.0 = Release|Any CPU
		{CD7C96FA-3BAE-40C2-AA8B-D62C93708ED7}.Debug|Any CPU.ActiveCfg = Debug|Any CPU
		{CD7C96FA-3BAE-40C2-AA8B-D62C93708ED7}.Debug|Any CPU.Build.0 = Debug|Any CPU
		{CD7C96FA-3BAE-40C2-AA8B-D62C93708ED7}.Release|Any CPU.ActiveCfg = Release|Any CPU
		{CD7C96FA-3BAE-40C2-AA8B-D62C93708ED7}.Release|Any CPU.Build.0 = Release|Any CPU
		{7CE497A7-EDBB-48A6-B916-2691B0E891C0}.Debug|Any CPU.ActiveCfg = Debug|Any CPU
		{7CE497A7-EDBB-48A6-B916-2691B0E891C0}.Debug|Any CPU.Build.0 = Debug|Any CPU
		{7CE497A7-EDBB-48A6-B916-2691B0E891C0}.Release|Any CPU.ActiveCfg = Release|Any CPU
		{7CE497A7-EDBB-48A6-B916-2691B0E891C0}.Release|Any CPU.Build.0 = Release|Any CPU
		{017ED07B-12BF-4060-88FE-8B291D164C35}.Debug|Any CPU.ActiveCfg = Debug|Any CPU
		{017ED07B-12BF-4060-88FE-8B291D164C35}.Debug|Any CPU.Build.0 = Debug|Any CPU
		{017ED07B-12BF-4060-88FE-8B291D164C35}.Release|Any CPU.ActiveCfg = Release|Any CPU
		{017ED07B-12BF-4060-88FE-8B291D164C35}.Release|Any CPU.Build.0 = Release|Any CPU
		{4A1CD071-587D-4A66-8960-214E10F1F015}.Debug|Any CPU.ActiveCfg = Debug|Any CPU
		{4A1CD071-587D-4A66-8960-214E10F1F015}.Debug|Any CPU.Build.0 = Debug|Any CPU
		{4A1CD071-587D-4A66-8960-214E10F1F015}.Release|Any CPU.ActiveCfg = Release|Any CPU
		{4A1CD071-587D-4A66-8960-214E10F1F015}.Release|Any CPU.Build.0 = Release|Any CPU
		{38AF9EB8-BC31-4827-8AF9-6B9788BC8A81}.Debug|Any CPU.ActiveCfg = Debug|Any CPU
		{38AF9EB8-BC31-4827-8AF9-6B9788BC8A81}.Debug|Any CPU.Build.0 = Debug|Any CPU
		{38AF9EB8-BC31-4827-8AF9-6B9788BC8A81}.Release|Any CPU.ActiveCfg = Release|Any CPU
		{38AF9EB8-BC31-4827-8AF9-6B9788BC8A81}.Release|Any CPU.Build.0 = Release|Any CPU
		{BF34C36F-70DE-4A0E-B9D4-E828E1F2B120}.Debug|Any CPU.ActiveCfg = Debug|Any CPU
		{BF34C36F-70DE-4A0E-B9D4-E828E1F2B120}.Debug|Any CPU.Build.0 = Debug|Any CPU
		{BF34C36F-70DE-4A0E-B9D4-E828E1F2B120}.Release|Any CPU.ActiveCfg = Release|Any CPU
		{BF34C36F-70DE-4A0E-B9D4-E828E1F2B120}.Release|Any CPU.Build.0 = Release|Any CPU
		{53A857FC-0E12-44B4-A503-69E65CD624DD}.Debug|Any CPU.ActiveCfg = Debug|Any CPU
		{53A857FC-0E12-44B4-A503-69E65CD624DD}.Debug|Any CPU.Build.0 = Debug|Any CPU
		{53A857FC-0E12-44B4-A503-69E65CD624DD}.Release|Any CPU.ActiveCfg = Release|Any CPU
		{53A857FC-0E12-44B4-A503-69E65CD624DD}.Release|Any CPU.Build.0 = Release|Any CPU
		{493EF8C7-B539-4B79-B377-B2EF49F4F61F}.Debug|Any CPU.ActiveCfg = Debug|Any CPU
		{493EF8C7-B539-4B79-B377-B2EF49F4F61F}.Debug|Any CPU.Build.0 = Debug|Any CPU
		{493EF8C7-B539-4B79-B377-B2EF49F4F61F}.Release|Any CPU.ActiveCfg = Release|Any CPU
		{493EF8C7-B539-4B79-B377-B2EF49F4F61F}.Release|Any CPU.Build.0 = Release|Any CPU
		{C037E673-44CB-41B8-AFF8-26209C75C61D}.Debug|Any CPU.ActiveCfg = Debug|Any CPU
		{C037E673-44CB-41B8-AFF8-26209C75C61D}.Debug|Any CPU.Build.0 = Debug|Any CPU
		{C037E673-44CB-41B8-AFF8-26209C75C61D}.Release|Any CPU.ActiveCfg = Release|Any CPU
		{C037E673-44CB-41B8-AFF8-26209C75C61D}.Release|Any CPU.Build.0 = Release|Any CPU
		{EA73B0E5-F15B-4F66-812A-20C1AC68FCCF}.Debug|Any CPU.ActiveCfg = Debug|Any CPU
		{EA73B0E5-F15B-4F66-812A-20C1AC68FCCF}.Debug|Any CPU.Build.0 = Debug|Any CPU
		{EA73B0E5-F15B-4F66-812A-20C1AC68FCCF}.Release|Any CPU.ActiveCfg = Release|Any CPU
		{EA73B0E5-F15B-4F66-812A-20C1AC68FCCF}.Release|Any CPU.Build.0 = Release|Any CPU
		{E241233C-BFC2-4654-ADA4-59FB0BC26BB5}.Debug|Any CPU.ActiveCfg = Debug|Any CPU
		{E241233C-BFC2-4654-ADA4-59FB0BC26BB5}.Debug|Any CPU.Build.0 = Debug|Any CPU
		{E241233C-BFC2-4654-ADA4-59FB0BC26BB5}.Release|Any CPU.ActiveCfg = Release|Any CPU
		{E241233C-BFC2-4654-ADA4-59FB0BC26BB5}.Release|Any CPU.Build.0 = Release|Any CPU
		{0D024701-B3C9-48E8-A4D7-DB98269D9D80}.Debug|Any CPU.ActiveCfg = Debug|Any CPU
		{0D024701-B3C9-48E8-A4D7-DB98269D9D80}.Debug|Any CPU.Build.0 = Debug|Any CPU
		{0D024701-B3C9-48E8-A4D7-DB98269D9D80}.Release|Any CPU.ActiveCfg = Release|Any CPU
		{0D024701-B3C9-48E8-A4D7-DB98269D9D80}.Release|Any CPU.Build.0 = Release|Any CPU
		{7C060108-33BB-44D0-B42C-60C7C2F039B0}.Debug|Any CPU.ActiveCfg = Debug|Any CPU
		{7C060108-33BB-44D0-B42C-60C7C2F039B0}.Debug|Any CPU.Build.0 = Debug|Any CPU
		{7C060108-33BB-44D0-B42C-60C7C2F039B0}.Release|Any CPU.ActiveCfg = Release|Any CPU
		{7C060108-33BB-44D0-B42C-60C7C2F039B0}.Release|Any CPU.Build.0 = Release|Any CPU
		{425857CE-56CF-4F98-8C7C-E44C0776DD62}.Debug|Any CPU.ActiveCfg = Debug|Any CPU
		{425857CE-56CF-4F98-8C7C-E44C0776DD62}.Debug|Any CPU.Build.0 = Debug|Any CPU
		{425857CE-56CF-4F98-8C7C-E44C0776DD62}.Release|Any CPU.ActiveCfg = Release|Any CPU
		{425857CE-56CF-4F98-8C7C-E44C0776DD62}.Release|Any CPU.Build.0 = Release|Any CPU
		{B7BEB2F7-12B2-4A5F-8CC3-313E5B3AF391}.Debug|Any CPU.ActiveCfg = Debug|Any CPU
		{B7BEB2F7-12B2-4A5F-8CC3-313E5B3AF391}.Debug|Any CPU.Build.0 = Debug|Any CPU
		{B7BEB2F7-12B2-4A5F-8CC3-313E5B3AF391}.Release|Any CPU.ActiveCfg = Release|Any CPU
		{B7BEB2F7-12B2-4A5F-8CC3-313E5B3AF391}.Release|Any CPU.Build.0 = Release|Any CPU
		{15575C09-9CF3-48D9-93C4-389394CCF7D4}.Debug|Any CPU.ActiveCfg = Debug|Any CPU
		{15575C09-9CF3-48D9-93C4-389394CCF7D4}.Debug|Any CPU.Build.0 = Debug|Any CPU
		{15575C09-9CF3-48D9-93C4-389394CCF7D4}.Release|Any CPU.ActiveCfg = Release|Any CPU
		{15575C09-9CF3-48D9-93C4-389394CCF7D4}.Release|Any CPU.Build.0 = Release|Any CPU
		{EC822180-9425-4245-BB79-7AE3B6F792C5}.Debug|Any CPU.ActiveCfg = Debug|Any CPU
		{EC822180-9425-4245-BB79-7AE3B6F792C5}.Debug|Any CPU.Build.0 = Debug|Any CPU
		{EC822180-9425-4245-BB79-7AE3B6F792C5}.Release|Any CPU.ActiveCfg = Release|Any CPU
		{EC822180-9425-4245-BB79-7AE3B6F792C5}.Release|Any CPU.Build.0 = Release|Any CPU
		{316DC30D-DE03-47ED-BFDB-DB0FFD1EA62D}.Debug|Any CPU.ActiveCfg = Debug|Any CPU
		{316DC30D-DE03-47ED-BFDB-DB0FFD1EA62D}.Debug|Any CPU.Build.0 = Debug|Any CPU
		{316DC30D-DE03-47ED-BFDB-DB0FFD1EA62D}.Release|Any CPU.ActiveCfg = Release|Any CPU
		{316DC30D-DE03-47ED-BFDB-DB0FFD1EA62D}.Release|Any CPU.Build.0 = Release|Any CPU
		{61C3F4CC-3B78-446E-93AF-E71F5721041A}.Debug|Any CPU.ActiveCfg = Debug|Any CPU
		{61C3F4CC-3B78-446E-93AF-E71F5721041A}.Debug|Any CPU.Build.0 = Debug|Any CPU
		{61C3F4CC-3B78-446E-93AF-E71F5721041A}.Release|Any CPU.ActiveCfg = Release|Any CPU
		{61C3F4CC-3B78-446E-93AF-E71F5721041A}.Release|Any CPU.Build.0 = Release|Any CPU
		{F105FEA1-2200-41FE-88CD-3211FE8D1A9D}.Debug|Any CPU.ActiveCfg = Debug|Any CPU
		{F105FEA1-2200-41FE-88CD-3211FE8D1A9D}.Debug|Any CPU.Build.0 = Debug|Any CPU
		{F105FEA1-2200-41FE-88CD-3211FE8D1A9D}.Release|Any CPU.ActiveCfg = Release|Any CPU
		{F105FEA1-2200-41FE-88CD-3211FE8D1A9D}.Release|Any CPU.Build.0 = Release|Any CPU
		{9ED21404-94D5-47CE-9EA1-CA33655B81B5}.Debug|Any CPU.ActiveCfg = Debug|Any CPU
		{9ED21404-94D5-47CE-9EA1-CA33655B81B5}.Debug|Any CPU.Build.0 = Debug|Any CPU
		{9ED21404-94D5-47CE-9EA1-CA33655B81B5}.Release|Any CPU.ActiveCfg = Release|Any CPU
		{9ED21404-94D5-47CE-9EA1-CA33655B81B5}.Release|Any CPU.Build.0 = Release|Any CPU
		{299E67D4-38E9-4C81-9531-268D59D9E273}.Debug|Any CPU.ActiveCfg = Debug|Any CPU
		{299E67D4-38E9-4C81-9531-268D59D9E273}.Debug|Any CPU.Build.0 = Debug|Any CPU
		{299E67D4-38E9-4C81-9531-268D59D9E273}.Release|Any CPU.ActiveCfg = Release|Any CPU
		{299E67D4-38E9-4C81-9531-268D59D9E273}.Release|Any CPU.Build.0 = Release|Any CPU
		{ABBE98E1-332D-4EF9-877A-312C43FEFF73}.Debug|Any CPU.ActiveCfg = Debug|Any CPU
		{ABBE98E1-332D-4EF9-877A-312C43FEFF73}.Debug|Any CPU.Build.0 = Debug|Any CPU
		{ABBE98E1-332D-4EF9-877A-312C43FEFF73}.Release|Any CPU.ActiveCfg = Release|Any CPU
		{ABBE98E1-332D-4EF9-877A-312C43FEFF73}.Release|Any CPU.Build.0 = Release|Any CPU
		{A723D35B-DEBE-418A-8B6A-B31F80E51A05}.Debug|Any CPU.ActiveCfg = Debug|Any CPU
		{A723D35B-DEBE-418A-8B6A-B31F80E51A05}.Debug|Any CPU.Build.0 = Debug|Any CPU
		{A723D35B-DEBE-418A-8B6A-B31F80E51A05}.Release|Any CPU.ActiveCfg = Release|Any CPU
		{A723D35B-DEBE-418A-8B6A-B31F80E51A05}.Release|Any CPU.Build.0 = Release|Any CPU
		{325B359C-F832-45C0-91FE-33CC8CD52F8F}.Debug|Any CPU.ActiveCfg = Debug|Any CPU
		{325B359C-F832-45C0-91FE-33CC8CD52F8F}.Debug|Any CPU.Build.0 = Debug|Any CPU
		{325B359C-F832-45C0-91FE-33CC8CD52F8F}.Release|Any CPU.ActiveCfg = Release|Any CPU
		{325B359C-F832-45C0-91FE-33CC8CD52F8F}.Release|Any CPU.Build.0 = Release|Any CPU
	EndGlobalSection
	GlobalSection(SolutionProperties) = preSolution
		HideSolutionNode = FALSE
	EndGlobalSection
	GlobalSection(ExtensibilityGlobals) = postSolution
		SolutionGuid = {2023B124-5AA5-4DCB-901B-62434185DA26}
	EndGlobalSection
EndGlobal
